
Microsoft Visual Studio Solution File, Format Version 12.00
# Visual Studio Version 17
VisualStudioVersion = 17.5.002.0
MinimumVisualStudioVersion = 10.0.40219.1
Project("{9A19103F-16F7-4668-BE54-9A1E7A4F7556}") = "WeatherForecast", "WeatherForecast.csproj", "{9CAD0FE3-7A03-40AA-BB25-5A515F729A41}"
EndProject
Global
	GlobalSection(SolutionConfigurationPlatforms) = preSolution
		Debug|Any CPU = Debug|Any CPU
		Release|Any CPU = Release|Any CPU
	EndGlobalSection
	GlobalSection(ProjectConfigurationPlatforms) = postSolution
		{9CAD0FE3-7A03-40AA-BB25-5A515F729A41}.Debug|Any CPU.ActiveCfg = Debug|Any CPU
		{9CAD0FE3-7A03-40AA-BB25-5A515F729A41}.Debug|Any CPU.Build.0 = Debug|Any CPU
		{9CAD0FE3-7A03-40AA-BB25-5A515F729A41}.Release|Any CPU.ActiveCfg = Release|Any CPU
		{9CAD0FE3-7A03-40AA-BB25-5A515F729A41}.Release|Any CPU.Build.0 = Release|Any CPU
	EndGlobalSection
	GlobalSection(SolutionProperties) = preSolution
		HideSolutionNode = FALSE
	EndGlobalSection
	GlobalSection(ExtensibilityGlobals) = postSolution
		SolutionGuid = {1464EFBA-10CD-4632-BE46-963693494D82}
	EndGlobalSection
EndGlobal
